# This file is automatically @generated by Cargo.
# It is not intended for manual editing.
version = 4

[[package]]
name = "audited"
version = "0.1.0"

[[package]]
name = "gpu-v2-scaled-output-binding"
version = "0.1.0"
dependencies = [
 "audited",
 "resource-scheduler",
]

[[package]]
name = "resource-scheduler"
version = "0.1.0"
